
Microsoft Visual Studio Solution File, Format Version 12.00
# Visual Studio Version 17
VisualStudioVersion = 17.3.32901.215
MinimumVisualStudioVersion = 10.0.40219.1
Project("{FAE04EC0-301F-11D3-BF4B-00C04F79EFBC}") = "MTDllExportExample", "MTDllExport\MTDllExportExample.csproj", "{BB40470C-AC0A-4A40-921C-D9126ECD853D}"
EndProject
Global
	GlobalSection(SolutionConfigurationPlatforms) = preSolution
		Debug|Any CPU = Debug|Any CPU
		Release|Any CPU = Release|Any CPU
	EndGlobalSection
	GlobalSection(ProjectConfigurationPlatforms) = postSolution
		{BB40470C-AC0A-4A40-921C-D9126ECD853D}.Debug|Any CPU.ActiveCfg = Debug|Any CPU
		{BB40470C-AC0A-4A40-921C-D9126ECD853D}.Debug|Any CPU.Build.0 = Debug|Any CPU
		{BB40470C-AC0A-4A40-921C-D9126ECD853D}.Release|Any CPU.ActiveCfg = Release|Any CPU
		{BB40470C-AC0A-4A40-921C-D9126ECD853D}.Release|Any CPU.Build.0 = Release|Any CPU
	EndGlobalSection
	GlobalSection(SolutionProperties) = preSolution
		HideSolutionNode = FALSE
	EndGlobalSection
	GlobalSection(ExtensibilityGlobals) = postSolution
		SolutionGuid = {E39D41BE-4E73-45C7-9FD6-1E14A8BD2931}
	EndGlobalSection
EndGlobal
